PODS:
  - Mantle (2.0.3):
    - Mantle/extobjc (= 2.0.3)
  - Mantle/extobjc (2.0.3)
  - YMCache (2.2.0)

DEPENDENCIES:
  - Mantle (~> 2.0)
  - YMCache (from `../../`)

SPEC REPOS:
  trunk:
    - Mantle

EXTERNAL SOURCES:
  YMCache:
    :path: "../../"

SPEC CHECKSUMS:
  Mantle: 8d6b14979a082a9ed4994463eb7a4ff576c94632
  YMCache: ea1a858871d9dd1cbb2daca41ce87695999e33c8

PODFILE CHECKSUM: 0ad642fd9dd67bb09b8987d7229ab527f1dcd7eb

COCOAPODS: 1.10.0
